github.com/iho/etf v0.0.0-20240917060453-f61fa5b028d8 h1:cowlWUgg2vQM4VvDT584DSXVG0q2U2dhgFkLAyf3lns=
github.com/iho/etf v0.0.0-20240917060453-f61fa5b028d8/go.mod h1:hfxyp7ZAMVUUam2KrbBL9ZTmC6WAYuo1fe193w5jKhU=
github.com/linxGnu/grocksdb v1.9.3 h1:s1cbPcOd0cU2SKXRG1nEqCOWYAELQjdqg3RVI2MH9ik=
github.com/linxGnu/grocksdb v1.9.3/go.mod h1:QYiYypR2d4v63Wj1adOOfzglnoII0gLj3PNh4fZkcFA=
